
Microsoft Visual Studio Solution File, Format Version 12.00
# Visual Studio Version 17
VisualStudioVersion = 17.3.32901.215
MinimumVisualStudioVersion = 10.0.40219.1
Project("{FAE04EC0-301F-11D3-BF4B-00C04F79EFBC}") = "sync-pomo-app", "sync-pomo-app.csproj", "{256EBD91-2DBA-4368-8121-956C3C995C86}"
EndProject
Global
	GlobalSection(SolutionConfigurationPlatforms) = preSolution
		Debug|Any CPU = Debug|Any CPU
		Release|Any CPU = Release|Any CPU
	EndGlobalSection
	GlobalSection(ProjectConfigurationPlatforms) = postSolution
		{256EBD91-2DBA-4368-8121-956C3C995C86}.Debug|Any CPU.ActiveCfg = Debug|Any CPU
		{256EBD91-2DBA-4368-8121-956C3C995C86}.Debug|Any CPU.Build.0 = Debug|Any CPU
		{256EBD91-2DBA-4368-8121-956C3C995C86}.Release|Any CPU.ActiveCfg = Release|Any CPU
		{256EBD91-2DBA-4368-8121-956C3C995C86}.Release|Any CPU.Build.0 = Release|Any CPU
	EndGlobalSection
	GlobalSection(SolutionProperties) = preSolution
		HideSolutionNode = FALSE
	EndGlobalSection
	GlobalSection(ExtensibilityGlobals) = postSolution
		SolutionGuid = {C35959DC-0FCF-4F42-8C43-07147A72F369}
	EndGlobalSection
EndGlobal
